// !$*UTF8*$!
{
	archiveVersion = 1;
	classes = {
	};
	objectVersion = 50;
	objects = {

/* Begin PBXBuildFile section */
		072B86152361DFD600A958C6 /* AppDelegate.swift in Sources */ = {isa = PBXBuildFile; fileRef = 072B86142361DFD600A958C6 /* AppDelegate.swift */; };
		072B86172361DFD600A958C6 /* ViewController.swift in Sources */ = {isa = PBXBuildFile; fileRef = 072B86162361DFD600A958C6 /* ViewController.swift */; };
		072B861C2361DFD700A958C6 /* Assets.xcassets in Resources */ = {isa = PBXBuildFile; fileRef = 072B861B2361DFD700A958C6 /* Assets.xcassets */; };
		072B861F2361DFD700A958C6 /* LaunchScreen.storyboard in Resources */ = {isa = PBXBuildFile; fileRef = 072B861D2361DFD700A958C6 /* LaunchScreen.storyboard */; };
		072B86272361E1EA00A958C6 /* RootViewController.swift in Sources */ = {isa = PBXBuildFile; fileRef = 072B86262361E1EA00A958C6 /* RootViewController.swift */; };
		072B86292361EB7600A958C6 /* DataSource.swift in Sources */ = {isa = PBXBuildFile; fileRef = 072B86282361EB7600A958C6 /* DataSource.swift */; };
		072B862B2361EF0300A958C6 /* TableViewCell.swift in Sources */ = {isa = PBXBuildFile; fileRef = 072B862A2361EF0300A958C6 /* TableViewCell.swift */; };
		072B862D2361F94400A958C6 /* TableDelegate.swift in Sources */ = {isa = PBXBuildFile; fileRef = 072B862C2361F94300A958C6 /* TableDelegate.swift */; };
		072B863123631A0000A958C6 /* Settings.png in Resources */ = {isa = PBXBuildFile; fileRef = 072B863023631A0000A958C6 /* Settings.png */; };
		072B864123631C7D00A958C6 /* Phone.png in Resources */ = {isa = PBXBuildFile; fileRef = 072B863223631C7D00A958C6 /* Phone.png */; };
		072B864223631C7D00A958C6 /* Game Center.png in Resources */ = {isa = PBXBuildFile; fileRef = 072B863323631C7D00A958C6 /* Game Center.png */; };
		072B864323631C7D00A958C6 /* Reminds.png in Resources */ = {isa = PBXBuildFile; fileRef = 072B863423631C7D00A958C6 /* Reminds.png */; };
		072B864423631C7D00A958C6 /* ICloud.png in Resources */ = {isa = PBXBuildFile; fileRef = 072B863523631C7D00A958C6 /* ICloud.png */; };
		072B864523631C7D00A958C6 /* Password & Account.png in Resources */ = {isa = PBXBuildFile; fileRef = 072B863623631C7D00A958C6 /* Password & Account.png */; };
		072B864623631C7D00A958C6 /* Person.png in Resources */ = {isa = PBXBuildFile; fileRef = 072B863723631C7D00A958C6 /* Person.png */; };
		072B864723631C7D00A958C6 /* Safari.png in Resources */ = {isa = PBXBuildFile; fileRef = 072B863823631C7D00A958C6 /* Safari.png */; };
		072B864823631C7D00A958C6 /* Privacy.png in Resources */ = {isa = PBXBuildFile; fileRef = 072B863923631C7D00A958C6 /* Privacy.png */; };
		072B864923631C7D00A958C6 /* Photos.png in Resources */ = {isa = PBXBuildFile; fileRef = 072B863A23631C7D00A958C6 /* Photos.png */; };
		072B864A23631C7D00A958C6 /* Mail.png in Resources */ = {isa = PBXBuildFile; fileRef = 072B863B23631C7D00A958C6 /* Mail.png */; };
		072B864B23631C7D00A958C6 /* Siri.png in Resources */ = {isa = PBXBuildFile; fileRef = 072B863C23631C7D00A958C6 /* Siri.png */; };
		072B864C23631C7D00A958C6 /* Messages.png in Resources */ = {isa = PBXBuildFile; fileRef = 072B863D23631C7D00A958C6 /* Messages.png */; };
		072B864D23631C7D00A958C6 /* Maps.png in Resources */ = {isa = PBXBuildFile; fileRef = 072B863E23631C7D00A958C6 /* Maps.png */; };
		072B864E23631C7D00A958C6 /* News.png in Resources */ = {isa = PBXBuildFile; fileRef = 072B863F23631C7D00A958C6 /* News.png */; };
		072B864F23631C7D00A958C6 /* Notes.png in Resources */ = {isa = PBXBuildFile; fileRef = 072B864023631C7D00A958C6 /* Notes.png */; };
/* End PBXBuildFile section */

/* Begin PBXFileReference section */
		072B86112361DFD600A958C6 /* Task6.app */ = {isa = PBXFileReference; explicitFileType = wrapper.application; includeInIndex = 0; path = Task6.app; sourceTree = BUILT_PRODUCTS_DIR; };
		072B86142361DFD600A958C6 /* AppDelegate.swift */ = {isa = PBXFileReference; lastKnownFileType = sourcecode.swift; path = AppDelegate.swift; sourceTree = "<group>"; };
		072B86162361DFD600A958C6 /* ViewController.swift */ = {isa = PBXFileReference; lastKnownFileType = sourcecode.swift; path = ViewController.swift; sourceTree = "<group>"; };
		072B861B2361DFD700A958C6 /* Assets.xcassets */ = {isa = PBXFileReference; lastKnownFileType = folder.assetcatalog; path = Assets.xcassets; sourceTree = "<group>"; };
		072B861E2361DFD700A958C6 /* Base */ = {isa = PBXFileReference; lastKnownFileType = file.storyboard; name = Base; path = Base.lproj/LaunchScreen.storyboard; sourceTree = "<group>"; };
		072B86202361DFD700A958C6 /* Info.plist */ = {isa = PBXFileReference; lastKnownFileType = text.plist.xml; path = Info.plist; sourceTree = "<group>"; };
		072B86262361E1EA00A958C6 /* RootViewController.swift */ = {isa = PBXFileReference; lastKnownFileType = sourcecode.swift; path = RootViewController.swift; sourceTree = "<group>"; };
		072B86282361EB7600A958C6 /* DataSource.swift */ = {isa = PBXFileReference; lastKnownFileType = sourcecode.swift; path = DataSource.swift; sourceTree = "<group>"; };
		072B862A2361EF0300A958C6 /* TableViewCell.swift */ = {isa = PBXFileReference; lastKnownFileType = sourcecode.swift; path = TableViewCell.swift; sourceTree = "<group>"; };
		072B862C2361F94300A958C6 /* TableDelegate.swift */ = {isa = PBXFileReference; lastKnownFileType = sourcecode.swift; path = TableDelegate.swift; sourceTree = "<group>"; };
		072B863023631A0000A958C6 /* Settings.png */ = {isa = PBXFileReference; lastKnownFileType = image.png; name = Settings.png; path = Assets.xcassets/Settings.png; sourceTree = "<group>"; };
		072B863223631C7D00A958C6 /* Phone.png */ = {isa = PBXFileReference; lastKnownFileType = image.png; name = Phone.png; path = Assets.xcassets/Phone.png; sourceTree = "<group>"; };
		072B863323631C7D00A958C6 /* Game Center.png */ = {isa = PBXFileReference; lastKnownFileType = image.png; name = "Game Center.png"; path = "Assets.xcassets/Game Center.png"; sourceTree = "<group>"; };
		072B863423631C7D00A958C6 /* Reminds.png */ = {isa = PBXFileReference; lastKnownFileType = image.png; name = Reminds.png; path = Assets.xcassets/Reminds.png; sourceTree = "<group>"; };
		072B863523631C7D00A958C6 /* ICloud.png */ = {isa = PBXFileReference; lastKnownFileType = image.png; name = ICloud.png; path = Assets.xcassets/ICloud.png; sourceTree = "<group>"; };
		072B863623631C7D00A958C6 /* Password & Account.png */ = {isa = PBXFileReference; lastKnownFileType = image.png; name = "Password & Account.png"; path = "Assets.xcassets/Password & Account.png"; sourceTree = "<group>"; };
		072B863723631C7D00A958C6 /* Person.png */ = {isa = PBXFileReference; lastKnownFileType = image.png; name = Person.png; path = Assets.xcassets/Person.png; sourceTree = "<group>"; };
		072B863823631C7D00A958C6 /* Safari.png */ = {isa = PBXFileReference; lastKnownFileType = image.png; name = Safari.png; path = Assets.xcassets/Safari.png; sourceTree = "<group>"; };
		072B863923631C7D00A958C6 /* Privacy.png */ = {isa = PBXFileReference; lastKnownFileType = image.png; name = Privacy.png; path = Assets.xcassets/Privacy.png; sourceTree = "<group>"; };
		072B863A23631C7D00A958C6 /* Photos.png */ = {isa = PBXFileReference; lastKnownFileType = image.png; name = Photos.png; path = Assets.xcassets/Photos.png; sourceTree = "<group>"; };
		072B863B23631C7D00A958C6 /* Mail.png */ = {isa = PBXFileReference; lastKnownFileType = image.png; name = Mail.png; path = Assets.xcassets/Mail.png; sourceTree = "<group>"; };
		072B863C23631C7D00A958C6 /* Siri.png */ = {isa = PBXFileReference; lastKnownFileType = image.png; name = Siri.png; path = Assets.xcassets/Siri.png; sourceTree = "<group>"; };
		072B863D23631C7D00A958C6 /* Messages.png */ = {isa = PBXFileReference; lastKnownFileType = image.png; name = Messages.png; path = Assets.xcassets/Messages.png; sourceTree = "<group>"; };
		072B863E23631C7D00A958C6 /* Maps.png */ = {isa = PBXFileReference; lastKnownFileType = image.png; name = Maps.png; path = Assets.xcassets/Maps.png; sourceTree = "<group>"; };
		072B863F23631C7D00A958C6 /* News.png */ = {isa = PBXFileReference; lastKnownFileType = image.png; name = News.png; path = Assets.xcassets/News.png; sourceTree = "<group>"; };
		072B864023631C7D00A958C6 /* Notes.png */ = {isa = PBXFileReference; lastKnownFileType = image.png; name = Notes.png; path = Assets.xcassets/Notes.png; sourceTree = "<group>"; };
/* End PBXFileReference section */

/* Begin PBXFrameworksBuildPhase section */
		072B860E2361DFD600A958C6 /* Frameworks */ = {
			isa = PBXFrameworksBuildPhase;
			buildActionMask = 2147483647;
			files = (
			);
			runOnlyForDeploymentPostprocessing = 0;
		};
/* End PBXFrameworksBuildPhase section */

/* Begin PBXGroup section */
		072B86082361DFD500A958C6 = {
			isa = PBXGroup;
			children = (
				072B86132361DFD600A958C6 /* Task6 */,
				072B86122361DFD600A958C6 /* Products */,
			);
			sourceTree = "<group>";
		};
		072B86122361DFD600A958C6 /* Products */ = {
			isa = PBXGroup;
			children = (
				072B86112361DFD600A958C6 /* Task6.app */,
			);
			name = Products;
			sourceTree = "<group>";
		};
		072B86132361DFD600A958C6 /* Task6 */ = {
			isa = PBXGroup;
			children = (
				072B863323631C7D00A958C6 /* Game Center.png */,
				072B863523631C7D00A958C6 /* ICloud.png */,
				072B863B23631C7D00A958C6 /* Mail.png */,
				072B863E23631C7D00A958C6 /* Maps.png */,
				072B863D23631C7D00A958C6 /* Messages.png */,
				072B863F23631C7D00A958C6 /* News.png */,
				072B864023631C7D00A958C6 /* Notes.png */,
				072B863623631C7D00A958C6 /* Password & Account.png */,
				072B863723631C7D00A958C6 /* Person.png */,
				072B863223631C7D00A958C6 /* Phone.png */,
				072B863A23631C7D00A958C6 /* Photos.png */,
				072B863923631C7D00A958C6 /* Privacy.png */,
				072B863423631C7D00A958C6 /* Reminds.png */,
				072B863823631C7D00A958C6 /* Safari.png */,
				072B863C23631C7D00A958C6 /* Siri.png */,
				072B863023631A0000A958C6 /* Settings.png */,
				072B86142361DFD600A958C6 /* AppDelegate.swift */,
				072B862C2361F94300A958C6 /* TableDelegate.swift */,
				072B86162361DFD600A958C6 /* ViewController.swift */,
				072B861B2361DFD700A958C6 /* Assets.xcassets */,
				072B861D2361DFD700A958C6 /* LaunchScreen.storyboard */,
				072B86202361DFD700A958C6 /* Info.plist */,
				072B86262361E1EA00A958C6 /* RootViewController.swift */,
				072B86282361EB7600A958C6 /* DataSource.swift */,
				072B862A2361EF0300A958C6 /* TableViewCell.swift */,
			);
			path = Task6;
			sourceTree = "<group>";
		};
/* End PBXGroup section */

/* Begin PBXNativeTarget section */
		072B86102361DFD600A958C6 /* Task6 */ = {
			isa = PBXNativeTarget;
			buildConfigurationList = 072B86232361DFD700A958C6 /* Build configuration list for PBXNativeTarget "Task6" */;
			buildPhases = (
				072B860D2361DFD600A958C6 /* Sources */,
				072B860E2361DFD600A958C6 /* Frameworks */,
				072B860F2361DFD600A958C6 /* Resources */,
			);
			buildRules = (
			);
			dependencies = (
			);
			name = Task6;
			productName = Task6;
			productReference = 072B86112361DFD600A958C6 /* Task6.app */;
			productType = "com.apple.product-type.application";
		};
/* End PBXNativeTarget section */

/* Begin PBXProject section */
		072B86092361DFD500A958C6 /* Project object */ = {
			isa = PBXProject;
			attributes = {
				LastSwiftUpdateCheck = 1030;
				LastUpgradeCheck = 1030;
				ORGANIZATIONNAME = "Лада";
				TargetAttributes = {
					072B86102361DFD600A958C6 = {
						CreatedOnToolsVersion = 10.3;
					};
				};
			};
			buildConfigurationList = 072B860C2361DFD500A958C6 /* Build configuration list for PBXProject "Task6" */;
			compatibilityVersion = "Xcode 9.3";
			developmentRegion = en;
			hasScannedForEncodings = 0;
			knownRegions = (
				en,
				Base,
			);
			mainGroup = 072B86082361DFD500A958C6;
			productRefGroup = 072B86122361DFD600A958C6 /* Products */;
			projectDirPath = "";
			projectRoot = "";
			targets = (
				072B86102361DFD600A958C6 /* Task6 */,
			);
		};
/* End PBXProject section */

/* Begin PBXResourcesBuildPhase section */
		072B860F2361DFD600A958C6 /* Resources */ = {
			isa = PBXResourcesBuildPhase;
			buildActionMask = 2147483647;
			files = (
				072B864323631C7D00A958C6 /* Reminds.png in Resources */,
				072B861F2361DFD700A958C6 /* LaunchScreen.storyboard in Resources */,
				072B861C2361DFD700A958C6 /* Assets.xcassets in Resources */,
				072B864A23631C7D00A958C6 /* Mail.png in Resources */,
				072B864723631C7D00A958C6 /* Safari.png in Resources */,
				072B864223631C7D00A958C6 /* Game Center.png in Resources */,
				072B864623631C7D00A958C6 /* Person.png in Resources */,
				072B864F23631C7D00A958C6 /* Notes.png in Resources */,
				072B864C23631C7D00A958C6 /* Messages.png in Resources */,
				072B864123631C7D00A958C6 /* Phone.png in Resources */,
				072B863123631A0000A958C6 /* Settings.png in Resources */,
				072B864823631C7D00A958C6 /* Privacy.png in Resources */,
				072B864B23631C7D00A958C6 /* Siri.png in Resources */,
				072B864D23631C7D00A958C6 /* Maps.png in Resources */,
				072B864E23631C7D00A958C6 /* News.png in Resources */,
				072B864423631C7D00A958C6 /* ICloud.png in Resources */,
				072B864923631C7D00A958C6 /* Photos.png in Resources */,
				072B864523631C7D00A958C6 /* Password & Account.png in Resources */,
			);
			runOnlyForDeploymentPostprocessing = 0;
		};
/* End PBXResourcesBuildPhase section */

/* Begin PBXSourcesBuildPhase section */
		072B860D2361DFD600A958C6 /* Sources */ = {
			isa = PBXSourcesBuildPhase;
			buildActionMask = 2147483647;
			files = (
				072B862B2361EF0300A958C6 /* TableViewCell.swift in Sources */,
				072B862D2361F94400A958C6 /* TableDelegate.swift in Sources */,
				072B86172361DFD600A958C6 /* ViewController.swift in Sources */,
				072B86152361DFD600A958C6 /* AppDelegate.swift in Sources */,
				072B86292361EB7600A958C6 /* DataSource.swift in Sources */,
				072B86272361E1EA00A958C6 /* RootViewController.swift in Sources */,
			);
			runOnlyForDeploymentPostprocessing = 0;
		};
/* End PBXSourcesBuildPhase section */

/* Begin PBXVariantGroup section */
		072B861D2361DFD700A958C6 /* LaunchScreen.storyboard */ = {
			isa = PBXVariantGroup;
			children = (
				072B861E2361DFD700A958C6 /* Base */,
			);
			name = LaunchScreen.storyboard;
			sourceTree = "<group>";
		};
/* End PBXVariantGroup section */

/* Begin XCBuildConfiguration section */
		072B86212361DFD700A958C6 /* Debug */ = {
			isa = XCBuildConfiguration;
			buildSettings = {
				ALWAYS_SEARCH_USER_PATHS = NO;
				CLANG_ANALYZER_NONNULL = YES;
				CLANG_ANALYZER_NUMBER_OBJECT_CONVERSION = YES_AGGRESSIVE;
				CLANG_CXX_LANGUAGE_STANDARD = "gnu++14";
				CLANG_CXX_LIBRARY = "libc++";
				CLANG_ENABLE_MODULES = YES;
				CLANG_ENABLE_OBJC_ARC = YES;
				CLANG_ENABLE_OBJC_WEAK = YES;
				CLANG_WARN_BLOCK_CAPTURE_AUTORELEASING = YES;
				CLANG_WARN_BOOL_CONVERSION = YES;
				CLANG_WARN_COMMA = YES;
				CLANG_WARN_CONSTANT_CONVERSION = YES;
				CLANG_WARN_DEPRECATED_OBJC_IMPLEMENTATIONS = YES;
				CLANG_WARN_DIRECT_OBJC_ISA_USAGE = YES_ERROR;
				CLANG_WARN_DOCUMENTATION_COMMENTS = YES;
				CLANG_WARN_EMPTY_BODY = YES;
				CLANG_WARN_ENUM_CONVERSION = YES;
				CLANG_WARN_INFINITE_RECURSION = YES;
				CLANG_WARN_INT_CONVERSION = YES;
				CLANG_WARN_NON_LITERAL_NULL_CONVERSION = YES;
				CLANG_WARN_OBJC_IMPLICIT_RETAIN_SELF = YES;
				CLANG_WARN_OBJC_LITERAL_CONVERSION = YES;
				CLANG_WARN_OBJC_ROOT_CLASS = YES_ERROR;
				CLANG_WARN_RANGE_LOOP_ANALYSIS = YES;
				CLANG_WARN_STRICT_PROTOTYPES = YES;
				CLANG_WARN_SUSPICIOUS_MOVE = YES;
				CLANG_WARN_UNGUARDED_AVAILABILITY = YES_AGGRESSIVE;
				CLANG_WARN_UNREACHABLE_CODE = YES;
				CLANG_WARN__DUPLICATE_METHOD_MATCH = YES;
				CODE_SIGN_IDENTITY = "iPhone Developer";
				COPY_PHASE_STRIP = NO;
				DEBUG_INFORMATION_FORMAT = dwarf;
				ENABLE_STRICT_OBJC_MSGSEND = YES;
				ENABLE_TESTABILITY = YES;
				GCC_C_LANGUAGE_STANDARD = gnu11;
				GCC_DYNAMIC_NO_PIC = NO;
				GCC_NO_COMMON_BLOCKS = YES;
				GCC_OPTIMIZATION_LEVEL = 0;
				GCC_PREPROCESSOR_DEFINITIONS = (
					"DEBUG=1",
					"$(inherited)",
				);
				GCC_WARN_64_TO_32_BIT_CONVERSION = YES;
				GCC_WARN_ABOUT_RETURN_TYPE = YES_ERROR;
				GCC_WARN_UNDECLARED_SELECTOR = YES;
				GCC_WARN_UNINITIALIZED_AUTOS = YES_AGGRESSIVE;
				GCC_WARN_UNUSED_FUNCTION = YES;
				GCC_WARN_UNUSED_VARIABLE = YES;
				IPHONEOS_DEPLOYMENT_TARGET = 12.4;
				MTL_ENABLE_DEBUG_INFO = INCLUDE_SOURCE;
				MTL_FAST_MATH = YES;
				ONLY_ACTIVE_ARCH = YES;
				SDKROOT = iphoneos;
				SWIFT_ACTIVE_COMPILATION_CONDITIONS = DEBUG;
				SWIFT_OPTIMIZATION_LEVEL = "-Onone";
			};
			name = Debug;
		};
		072B86222361DFD700A958C6 /* Release */ = {
			isa = XCBuildConfiguration;
			buildSettings = {
				ALWAYS_SEARCH_USER_PATHS = NO;
				CLANG_ANALYZER_NONNULL = YES;
				CLANG_ANALYZER_NUMBER_OBJECT_CONVERSION = YES_AGGRESSIVE;
				CLANG_CXX_LANGUAGE_STANDARD = "gnu++14";
				CLANG_CXX_LIBRARY = "libc++";
				CLANG_ENABLE_MODULES = YES;
				CLANG_ENABLE_OBJC_ARC = YES;
				CLANG_ENABLE_OBJC_WEAK = YES;
				CLANG_WARN_BLOCK_CAPTURE_AUTORELEASING = YES;
				CLANG_WARN_BOOL_CONVERSION = YES;
				CLANG_WARN_COMMA = YES;
				CLANG_WARN_CONSTANT_CONVERSION = YES;
				CLANG_WARN_DEPRECATED_OBJC_IMPLEMENTATIONS = YES;
				CLANG_WARN_DIRECT_OBJC_ISA_USAGE = YES_ERROR;
				CLANG_WARN_DOCUMENTATION_COMMENTS = YES;
				CLANG_WARN_EMPTY_BODY = YES;
				CLANG_WARN_ENUM_CONVERSION = YES;
				CLANG_WARN_INFINITE_RECURSION = YES;
				CLANG_WARN_INT_CONVERSION = YES;
				CLANG_WARN_NON_LITERAL_NULL_CONVERSION = YES;
				CLANG_WARN_OBJC_IMPLICIT_RETAIN_SELF = YES;
				CLANG_WARN_OBJC_LITERAL_CONVERSION = YES;
				CLANG_WARN_OBJC_ROOT_CLASS = YES_ERROR;
				CLANG_WARN_RANGE_LOOP_ANALYSIS = YES;
				CLANG_WARN_STRICT_PROTOTYPES = YES;
				CLANG_WARN_SUSPICIOUS_MOVE = YES;
				CLANG_WARN_UNGUARDED_AVAILABILITY = YES_AGGRESSIVE;
				CLANG_WARN_UNREACHABLE_CODE = YES;
				CLANG_WARN__DUPLICATE_METHOD_MATCH = YES;
				CODE_SIGN_IDENTITY = "iPhone Developer";
				COPY_PHASE_STRIP = NO;
				DEBUG_INFORMATION_FORMAT = "dwarf-with-dsym";
				ENABLE_NS_ASSERTIONS = NO;
				ENABLE_STRICT_OBJC_MSGSEND = YES;
				GCC_C_LANGUAGE_STANDARD = gnu11;
				GCC_NO_COMMON_BLOCKS = YES;
				GCC_WARN_64_TO_32_BIT_CONVERSION = YES;
				GCC_WARN_ABOUT_RETURN_TYPE = YES_ERROR;
				GCC_WARN_UNDECLARED_SELECTOR = YES;
				GCC_WARN_UNINITIALIZED_AUTOS = YES_AGGRESSIVE;
				GCC_WARN_UNUSED_FUNCTION = YES;
				GCC_WARN_UNUSED_VARIABLE = YES;
				IPHONEOS_DEPLOYMENT_TARGET = 12.4;
				MTL_ENABLE_DEBUG_INFO = NO;
				MTL_FAST_MATH = YES;
				SDKROOT = iphoneos;
				SWIFT_COMPILATION_MODE = wholemodule;
				SWIFT_OPTIMIZATION_LEVEL = "-O";
				VALIDATE_PRODUCT = YES;
			};
			name = Release;
		};
		072B86242361DFD700A958C6 /* Debug */ = {
			isa = XCBuildConfiguration;
			buildSettings = {
				ASSETCATALOG_COMPILER_APPICON_NAME = AppIcon;
				CODE_SIGN_STYLE = Automatic;
				DEVELOPMENT_TEAM = 6PXRX3FS7N;
				INFOPLIST_FILE = Task6/Info.plist;
				LD_RUNPATH_SEARCH_PATHS = (
					"$(inherited)",
					"@executable_path/Frameworks",
				);
				PRODUCT_BUNDLE_IDENTIFIER = School.Task6;
				PRODUCT_NAME = "$(TARGET_NAME)";
				SWIFT_VERSION = 5.0;
				TARGETED_DEVICE_FAMILY = "1,2";
			};
			name = Debug;
		};
		072B86252361DFD700A958C6 /* Release */ = {
			isa = XCBuildConfiguration;
			buildSettings = {
				ASSETCATALOG_COMPILER_APPICON_NAME = AppIcon;
				CODE_SIGN_STYLE = Automatic;
				DEVELOPMENT_TEAM = 6PXRX3FS7N;
				INFOPLIST_FILE = Task6/Info.plist;
				LD_RUNPATH_SEARCH_PATHS = (
					"$(inherited)",
					"@executable_path/Frameworks",
				);
				PRODUCT_BUNDLE_IDENTIFIER = School.Task6;
				PRODUCT_NAME = "$(TARGET_NAME)";
				SWIFT_VERSION = 5.0;
				TARGETED_DEVICE_FAMILY = "1,2";
			};
			name = Release;
		};
/* End XCBuildConfiguration section */

/* Begin XCConfigurationList section */
		072B860C2361DFD500A958C6 /* Build configuration list for PBXProject "Task6" */ = {
			isa = XCConfigurationList;
			buildConfigurations = (
				072B86212361DFD700A958C6 /* Debug */,
				072B86222361DFD700A958C6 /* Release */,
			);
			defaultConfigurationIsVisible = 0;
			defaultConfigurationName = Release;
		};
		072B86232361DFD700A958C6 /* Build configuration list for PBXNativeTarget "Task6" */ = {
			isa = XCConfigurationList;
			buildConfigurations = (
				072B86242361DFD700A958C6 /* Debug */,
				072B86252361DFD700A958C6 /* Release */,
			);
			defaultConfigurationIsVisible = 0;
			defaultConfigurationName = Release;
		};
/* End XCConfigurationList section */
	};
	rootObject = 072B86092361DFD500A958C6 /* Project object */;
}
